
Microsoft Visual Studio Solution File, Format Version 12.00
# Visual Studio Version 17
VisualStudioVersion = 17.13.35818.85 d17.13
MinimumVisualStudioVersion = 10.0.40219.1
Project("{FAE04EC0-301F-11D3-BF4B-00C04F79EFBC}") = "CLOTHING_SALES_MANAGEMENT", "CLOTHING_SALES_MANAGEMENT\CLOTHING_SALES_MANAGEMENT.csproj", "{DCA20B29-4696-4043-AAF1-316B26BC6C16}"
EndProject
Global
	GlobalSection(SolutionConfigurationPlatforms) = preSolution
		Debug|Any CPU = Debug|Any CPU
		Release|Any CPU = Release|Any CPU
	EndGlobalSection
	GlobalSection(ProjectConfigurationPlatforms) = postSolution
		{DCA20B29-4696-4043-AAF1-316B26BC6C16}.Debug|Any CPU.ActiveCfg = Debug|Any CPU
		{DCA20B29-4696-4043-AAF1-316B26BC6C16}.Debug|Any CPU.Build.0 = Debug|Any CPU
		{DCA20B29-4696-4043-AAF1-316B26BC6C16}.Release|Any CPU.ActiveCfg = Release|Any CPU
		{DCA20B29-4696-4043-AAF1-316B26BC6C16}.Release|Any CPU.Build.0 = Release|Any CPU
	EndGlobalSection
	GlobalSection(SolutionProperties) = preSolution
		HideSolutionNode = FALSE
	EndGlobalSection
	GlobalSection(ExtensibilityGlobals) = postSolution
		SolutionGuid = {1C3B1806-D684-438C-B72D-BDA4DCE8223F}
	EndGlobalSection
EndGlobal
